// !$*UTF8*$!
{
	archiveVersion = 1;
	classes = {
	};
	objectVersion = 77;
	objects = {

/* Begin PBXContainerItemProxy section */
		3E7015AB2CD21BC200730A24 /* PBXContainerItemProxy */ = {
			isa = PBXContainerItemProxy;
			containerPortal = 3E7015912CD21BBE00730A24 /* Project object */;
			proxyType = 1;
			remoteGlobalIDString = 3E7015982CD21BBE00730A24;
			remoteInfo = meowo;
		};
		3E7015B52CD21BC200730A24 /* PBXContainerItemProxy */ = {
			isa = PBXContainerItemProxy;
			containerPortal = 3E7015912CD21BBE00730A24 /* Project object */;
			proxyType = 1;
			remoteGlobalIDString = 3E7015982CD21BBE00730A24;
			remoteInfo = meowo;
		};
/* End PBXContainerItemProxy section */

/* Begin PBXFileReference section */
		3E7015992CD21BBE00730A24 /* meowo.app */ = {isa = PBXFileReference; explicitFileType = wrapper.application; includeInIndex = 0; path = meowo.app; sourceTree = BUILT_PRODUCTS_DIR; };
		3E7015AA2CD21BC200730A24 /* meowoTests.xctest */ = {isa = PBXFileReference; explicitFileType = wrapper.cfbundle; includeInIndex = 0; path = meowoTests.xctest; sourceTree = BUILT_PRODUCTS_DIR; };
		3E7015B42CD21BC200730A24 /* meowoUITests.xctest */ = {isa = PBXFileReference; explicitFileType = wrapper.cfbundle; includeInIndex = 0; path = meowoUITests.xctest; sourceTree = BUILT_PRODUCTS_DIR; };
/* End PBXFileReference section */

/* Begin PBXFileSystemSynchronizedRootGroup section */
		3E70159B2CD21BBE00730A24 /* meowo */ = {
			isa = PBXFileSystemSynchronizedRootGroup;
			path = meowo;
			sourceTree = "<group>";
		};
		3E7015AD2CD21BC200730A24 /* meowoTests */ = {
			isa = PBXFileSystemSynchronizedRootGroup;
			path = meowoTests;
			sourceTree = "<group>";
		};
		3E7015B72CD21BC200730A24 /* meowoUITests */ = {
			isa = PBXFileSystemSynchronizedRootGroup;
			path = meowoUITests;
			sourceTree = "<group>";
		};
/* End PBXFileSystemSynchronizedRootGroup section */

/* Begin PBXFrameworksBuildPhase section */
		3E7015962CD21BBE00730A24 /* Frameworks */ = {
			isa = PBXFrameworksBuildPhase;
			buildActionMask = 2147483647;
			files = (
			);
			runOnlyForDeploymentPostprocessing = 0;
		};
		3E7015A72CD21BC200730A24 /* Frameworks */ = {
			isa = PBXFrameworksBuildPhase;
			buildActionMask = 2147483647;
			files = (
			);
			runOnlyForDeploymentPostprocessing = 0;
		};
		3E7015B12CD21BC200730A24 /* Frameworks */ = {
			isa = PBXFrameworksBuildPhase;
			buildActionMask = 2147483647;
			files = (
			);
			runOnlyForDeploymentPostprocessing = 0;
		};
/* End PBXFrameworksBuildPhase section */

/* Begin PBXGroup section */
		3E7015902CD21BBE00730A24 = {
			isa = PBXGroup;
			children = (
				3E70159B2CD21BBE00730A24 /* meowo */,
				3E7015AD2CD21BC200730A24 /* meowoTests */,
				3E7015B72CD21BC200730A24 /* meowoUITests */,
				3E70159A2CD21BBE00730A24 /* Products */,
			);
			sourceTree = "<group>";
		};
		3E70159A2CD21BBE00730A24 /* Products */ = {
			isa = PBXGroup;
			children = (
				3E7015992CD21BBE00730A24 /* meowo.app */,
				3E7015AA2CD21BC200730A24 /* meowoTests.xctest */,
				3E7015B42CD21BC200730A24 /* meowoUITests.xctest */,
			);
			name = Products;
			sourceTree = "<group>";
		};
/* End PBXGroup section */

/* Begin PBXNativeTarget section */
		3E7015982CD21BBE00730A24 /* meowo */ = {
			isa = PBXNativeTarget;
			buildConfigurationList = 3E7015BE2CD21BC200730A24 /* Build configuration list for PBXNativeTarget "meowo" */;
			buildPhases = (
				3E7015952CD21BBE00730A24 /* Sources */,
				3E7015962CD21BBE00730A24 /* Frameworks */,
				3E7015972CD21BBE00730A24 /* Resources */,
			);
			buildRules = (
			);
			dependencies = (
			);
			fileSystemSynchronizedGroups = (
				3E70159B2CD21BBE00730A24 /* meowo */,
			);
			name = meowo;
			packageProductDependencies = (
			);
			productName = meowo;
			productReference = 3E7015992CD21BBE00730A24 /* meowo.app */;
			productType = "com.apple.product-type.application";
		};
		3E7015A92CD21BC200730A24 /* meowoTests */ = {
			isa = PBXNativeTarget;
			buildConfigurationList = 3E7015C12CD21BC200730A24 /* Build configuration list for PBXNativeTarget "meowoTests" */;
			buildPhases = (
				3E7015A62CD21BC200730A24 /* Sources */,
				3E7015A72CD21BC200730A24 /* Frameworks */,
				3E7015A82CD21BC200730A24 /* Resources */,
			);
			buildRules = (
			);
			dependencies = (
				3E7015AC2CD21BC200730A24 /* PBXTargetDependency */,
			);
			fileSystemSynchronizedGroups = (
				3E7015AD2CD21BC200730A24 /* meowoTests */,
			);
			name = meowoTests;
			packageProductDependencies = (
			);
			productName = meowoTests;
			productReference = 3E7015AA2CD21BC200730A24 /* meowoTests.xctest */;
			productType = "com.apple.product-type.bundle.unit-test";
		};
		3E7015B32CD21BC200730A24 /* meowoUITests */ = {
			isa = PBXNativeTarget;
			buildConfigurationList = 3E7015C42CD21BC200730A24 /* Build configuration list for PBXNativeTarget "meowoUITests" */;
			buildPhases = (
				3E7015B02CD21BC200730A24 /* Sources */,
				3E7015B12CD21BC200730A24 /* Frameworks */,
				3E7015B22CD21BC200730A24 /* Resources */,
			);
			buildRules = (
			);
			dependencies = (
				3E7015B62CD21BC200730A24 /* PBXTargetDependency */,
			);
			fileSystemSynchronizedGroups = (
				3E7015B72CD21BC200730A24 /* meowoUITests */,
			);
			name = meowoUITests;
			packageProductDependencies = (
			);
			productName = meowoUITests;
			productReference = 3E7015B42CD21BC200730A24 /* meowoUITests.xctest */;
			productType = "com.apple.product-type.bundle.ui-testing";
		};
/* End PBXNativeTarget section */

/* Begin PBXProject section */
		3E7015912CD21BBE00730A24 /* Project object */ = {
			isa = PBXProject;
			attributes = {
				BuildIndependentTargetsInParallel = 1;
				LastSwiftUpdateCheck = 1600;
				LastUpgradeCheck = 1600;
				TargetAttributes = {
					3E7015982CD21BBE00730A24 = {
						CreatedOnToolsVersion = 16.0;
					};
					3E7015A92CD21BC200730A24 = {
						CreatedOnToolsVersion = 16.0;
						TestTargetID = 3E7015982CD21BBE00730A24;
					};
					3E7015B32CD21BC200730A24 = {
						CreatedOnToolsVersion = 16.0;
						TestTargetID = 3E7015982CD21BBE00730A24;
					};
				};
			};
			buildConfigurationList = 3E7015942CD21BBE00730A24 /* Build configuration list for PBXProject "meowo" */;
			developmentRegion = en;
			hasScannedForEncodings = 0;
			knownRegions = (
				en,
				Base,
			);
			mainGroup = 3E7015902CD21BBE00730A24;
			minimizedProjectReferenceProxies = 1;
			preferredProjectObjectVersion = 77;
			productRefGroup = 3E70159A2CD21BBE00730A24 /* Products */;
			projectDirPath = "";
			projectRoot = "";
			targets = (
				3E7015982CD21BBE00730A24 /* meowo */,
				3E7015A92CD21BC200730A24 /* meowoTests */,
				3E7015B32CD21BC200730A24 /* meowoUITests */,
			);
		};
/* End PBXProject section */

/* Begin PBXResourcesBuildPhase section */
		3E7015972CD21BBE00730A24 /* Resources */ = {
			isa = PBXResourcesBuildPhase;
			buildActionMask = 2147483647;
			files = (
			);
			runOnlyForDeploymentPostprocessing = 0;
		};
		3E7015A82CD21BC200730A24 /* Resources */ = {
			isa = PBXResourcesBuildPhase;
			buildActionMask = 2147483647;
			files = (
			);
			runOnlyForDeploymentPostprocessing = 0;
		};
		3E7015B22CD21BC200730A24 /* Resources */ = {
			isa = PBXResourcesBuildPhase;
			buildActionMask = 2147483647;
			files = (
			);
			runOnlyForDeploymentPostprocessing = 0;
		};
/* End PBXResourcesBuildPhase section */

/* Begin PBXSourcesBuildPhase section */
		3E7015952CD21BBE00730A24 /* Sources */ = {
			isa = PBXSourcesBuildPhase;
			buildActionMask = 2147483647;
			files = (
			);
			runOnlyForDeploymentPostprocessing = 0;
		};
		3E7015A62CD21BC200730A24 /* Sources */ = {
			isa = PBXSourcesBuildPhase;
			buildActionMask = 2147483647;
			files = (
			);
			runOnlyForDeploymentPostprocessing = 0;
		};
		3E7015B02CD21BC200730A24 /* Sources */ = {
			isa = PBXSourcesBuildPhase;
			buildActionMask = 2147483647;
			files = (
			);
			runOnlyForDeploymentPostprocessing = 0;
		};
/* End PBXSourcesBuildPhase section */

/* Begin PBXTargetDependency section */
		3E7015AC2CD21BC200730A24 /* PBXTargetDependency */ = {
			isa = PBXTargetDependency;
			target = 3E7015982CD21BBE00730A24 /* meowo */;
			targetProxy = 3E7015AB2CD21BC200730A24 /* PBXContainerItemProxy */;
		};
		3E7015B62CD21BC200730A24 /* PBXTargetDependency */ = {
			isa = PBXTargetDependency;
			target = 3E7015982CD21BBE00730A24 /* meowo */;
			targetProxy = 3E7015B52CD21BC200730A24 /* PBXContainerItemProxy */;
		};
/* End PBXTargetDependency section */

/* Begin XCBuildConfiguration section */
		3E7015BC2CD21BC200730A24 /* Debug */ = {
			isa = XCBuildConfiguration;
			buildSettings = {
				ALWAYS_SEARCH_USER_PATHS = NO;
				ASSETCATALOG_COMPILER_GENERATE_SWIFT_ASSET_SYMBOL_EXTENSIONS = YES;
				CLANG_ANALYZER_NONNULL = YES;
				CLANG_ANALYZER_NUMBER_OBJECT_CONVERSION = YES_AGGRESSIVE;
				CLANG_CXX_LANGUAGE_STANDARD = "gnu++20";
				CLANG_ENABLE_MODULES = YES;
				CLANG_ENABLE_OBJC_ARC = YES;
				CLANG_ENABLE_OBJC_WEAK = YES;
				CLANG_WARN_BLOCK_CAPTURE_AUTORELEASING = YES;
				CLANG_WARN_BOOL_CONVERSION = YES;
				CLANG_WARN_COMMA = YES;
				CLANG_WARN_CONSTANT_CONVERSION = YES;
				CLANG_WARN_DEPRECATED_OBJC_IMPLEMENTATIONS = YES;
				CLANG_WARN_DIRECT_OBJC_ISA_USAGE = YES_ERROR;
				CLANG_WARN_DOCUMENTATION_COMMENTS = YES;
				CLANG_WARN_EMPTY_BODY = YES;
				CLANG_WARN_ENUM_CONVERSION = YES;
				CLANG_WARN_INFINITE_RECURSION = YES;
				CLANG_WARN_INT_CONVERSION = YES;
				CLANG_WARN_NON_LITERAL_NULL_CONVERSION = YES;
				CLANG_WARN_OBJC_IMPLICIT_RETAIN_SELF = YES;
				CLANG_WARN_OBJC_LITERAL_CONVERSION = YES;
				CLANG_WARN_OBJC_ROOT_CLASS = YES_ERROR;
				CLANG_WARN_QUOTED_INCLUDE_IN_FRAMEWORK_HEADER = YES;
				CLANG_WARN_RANGE_LOOP_ANALYSIS = YES;
				CLANG_WARN_STRICT_PROTOTYPES = YES;
				CLANG_WARN_SUSPICIOUS_MOVE = YES;
				CLANG_WARN_UNGUARDED_AVAILABILITY = YES_AGGRESSIVE;
				CLANG_WARN_UNREACHABLE_CODE = YES;
				CLANG_WARN__DUPLICATE_METHOD_MATCH = YES;
				COPY_PHASE_STRIP = NO;
				DEBUG_INFORMATION_FORMAT = dwarf;
				ENABLE_STRICT_OBJC_MSGSEND = YES;
				ENABLE_TESTABILITY = YES;
				ENABLE_USER_SCRIPT_SANDBOXING = YES;
				GCC_C_LANGUAGE_STANDARD = gnu17;
				GCC_DYNAMIC_NO_PIC = NO;
				GCC_NO_COMMON_BLOCKS = YES;
				GCC_OPTIMIZATION_LEVEL = 0;
				GCC_PREPROCESSOR_DEFINITIONS = (
					"DEBUG=1",
					"$(inherited)",
				);
				GCC_WARN_64_TO_32_BIT_CONVERSION = YES;
				GCC_WARN_ABOUT_RETURN_TYPE = YES_ERROR;
				GCC_WARN_UNDECLARED_SELECTOR = YES;
				GCC_WARN_UNINITIALIZED_AUTOS = YES_AGGRESSIVE;
				GCC_WARN_UNUSED_FUNCTION = YES;
				GCC_WARN_UNUSED_VARIABLE = YES;
				LOCALIZATION_PREFERS_STRING_CATALOGS = YES;
				MACOSX_DEPLOYMENT_TARGET = 15.0;
				MTL_ENABLE_DEBUG_INFO = INCLUDE_SOURCE;
				MTL_FAST_MATH = YES;
				ONLY_ACTIVE_ARCH = YES;
				SDKROOT = macosx;
				SWIFT_ACTIVE_COMPILATION_CONDITIONS = "DEBUG $(inherited)";
				SWIFT_OPTIMIZATION_LEVEL = "-Onone";
			};
			name = Debug;
		};
		3E7015BD2CD21BC200730A24 /* Release */ = {
			isa = XCBuildConfiguration;
			buildSettings = {
				ALWAYS_SEARCH_USER_PATHS = NO;
				ASSETCATALOG_COMPILER_GENERATE_SWIFT_ASSET_SYMBOL_EXTENSIONS = YES;
				CLANG_ANALYZER_NONNULL = YES;
				CLANG_ANALYZER_NUMBER_OBJECT_CONVERSION = YES_AGGRESSIVE;
				CLANG_CXX_LANGUAGE_STANDARD = "gnu++20";
				CLANG_ENABLE_MODULES = YES;
				CLANG_ENABLE_OBJC_ARC = YES;
				CLANG_ENABLE_OBJC_WEAK = YES;
				CLANG_WARN_BLOCK_CAPTURE_AUTORELEASING = YES;
				CLANG_WARN_BOOL_CONVERSION = YES;
				CLANG_WARN_COMMA = YES;
				CLANG_WARN_CONSTANT_CONVERSION = YES;
				CLANG_WARN_DEPRECATED_OBJC_IMPLEMENTATIONS = YES;
				CLANG_WARN_DIRECT_OBJC_ISA_USAGE = YES_ERROR;
				CLANG_WARN_DOCUMENTATION_COMMENTS = YES;
				CLANG_WARN_EMPTY_BODY = YES;
				CLANG_WARN_ENUM_CONVERSION = YES;
				CLANG_WARN_INFINITE_RECURSION = YES;
				CLANG_WARN_INT_CONVERSION = YES;
				CLANG_WARN_NON_LITERAL_NULL_CONVERSION = YES;
				CLANG_WARN_OBJC_IMPLICIT_RETAIN_SELF = YES;
				CLANG_WARN_OBJC_LITERAL_CONVERSION = YES;
				CLANG_WARN_OBJC_ROOT_CLASS = YES_ERROR;
				CLANG_WARN_QUOTED_INCLUDE_IN_FRAMEWORK_HEADER = YES;
				CLANG_WARN_RANGE_LOOP_ANALYSIS = YES;
				CLANG_WARN_STRICT_PROTOTYPES = YES;
				CLANG_WARN_SUSPICIOUS_MOVE = YES;
				CLANG_WARN_UNGUARDED_AVAILABILITY = YES_AGGRESSIVE;
				CLANG_WARN_UNREACHABLE_CODE = YES;
				CLANG_WARN__DUPLICATE_METHOD_MATCH = YES;
				COPY_PHASE_STRIP = NO;
				DEBUG_INFORMATION_FORMAT = "dwarf-with-dsym";
				ENABLE_NS_ASSERTIONS = NO;
				ENABLE_STRICT_OBJC_MSGSEND = YES;
				ENABLE_USER_SCRIPT_SANDBOXING = YES;
				GCC_C_LANGUAGE_STANDARD = gnu17;
				GCC_NO_COMMON_BLOCKS = YES;
				GCC_WARN_64_TO_32_BIT_CONVERSION = YES;
				GCC_WARN_ABOUT_RETURN_TYPE = YES_ERROR;
				GCC_WARN_UNDECLARED_SELECTOR = YES;
				GCC_WARN_UNINITIALIZED_AUTOS = YES_AGGRESSIVE;
				GCC_WARN_UNUSED_FUNCTION = YES;
				GCC_WARN_UNUSED_VARIABLE = YES;
				LOCALIZATION_PREFERS_STRING_CATALOGS = YES;
				MACOSX_DEPLOYMENT_TARGET = 15.0;
				MTL_ENABLE_DEBUG_INFO = NO;
				MTL_FAST_MATH = YES;
				SDKROOT = macosx;
				SWIFT_COMPILATION_MODE = wholemodule;
			};
			name = Release;
		};
		3E7015BF2CD21BC200730A24 /* Debug */ = {
			isa = XCBuildConfiguration;
			buildSettings = {
				ASSETCATALOG_COMPILER_APPICON_NAME = AppIcon;
				ASSETCATALOG_COMPILER_GLOBAL_ACCENT_COLOR_NAME = AccentColor;
				CODE_SIGN_ENTITLEMENTS = meowo/meowo.entitlements;
				CODE_SIGN_STYLE = Automatic;
				COMBINE_HIDPI_IMAGES = YES;
				CURRENT_PROJECT_VERSION = 1;
				DEVELOPMENT_ASSET_PATHS = "\"meowo/Preview Content\"";
				ENABLE_PREVIEWS = YES;
				GENERATE_INFOPLIST_FILE = YES;
				INFOPLIST_KEY_NSHumanReadableCopyright = "";
				LD_RUNPATH_SEARCH_PATHS = (
					"$(inherited)",
					"@executable_path/../Frameworks",
				);
				MARKETING_VERSION = 1.0;
				PRODUCT_BUNDLE_IDENTIFIER = uwukaliowo.meowo;
				PRODUCT_NAME = "$(TARGET_NAME)";
				SWIFT_EMIT_LOC_STRINGS = YES;
				SWIFT_VERSION = 5.0;
			};
			name = Debug;
		};
		3E7015C02CD21BC200730A24 /* Release */ = {
			isa = XCBuildConfiguration;
			buildSettings = {
				ASSETCATALOG_COMPILER_APPICON_NAME = AppIcon;
				ASSETCATALOG_COMPILER_GLOBAL_ACCENT_COLOR_NAME = AccentColor;
				CODE_SIGN_ENTITLEMENTS = meowo/meowo.entitlements;
				CODE_SIGN_STYLE = Automatic;
				COMBINE_HIDPI_IMAGES = YES;
				CURRENT_PROJECT_VERSION = 1;
				DEVELOPMENT_ASSET_PATHS = "\"meowo/Preview Content\"";
				ENABLE_PREVIEWS = YES;
				GENERATE_INFOPLIST_FILE = YES;
				INFOPLIST_KEY_NSHumanReadableCopyright = "";
				LD_RUNPATH_SEARCH_PATHS = (
					"$(inherited)",
					"@executable_path/../Frameworks",
				);
				MARKETING_VERSION = 1.0;
				PRODUCT_BUNDLE_IDENTIFIER = uwukaliowo.meowo;
				PRODUCT_NAME = "$(TARGET_NAME)";
				SWIFT_EMIT_LOC_STRINGS = YES;
				SWIFT_VERSION = 5.0;
			};
			name = Release;
		};
		3E7015C22CD21BC200730A24 /* Debug */ = {
			isa = XCBuildConfiguration;
			buildSettings = {
				BUNDLE_LOADER = "$(TEST_HOST)";
				CODE_SIGN_STYLE = Automatic;
				CURRENT_PROJECT_VERSION = 1;
				GENERATE_INFOPLIST_FILE = YES;
				MACOSX_DEPLOYMENT_TARGET = 15.0;
				MARKETING_VERSION = 1.0;
				PRODUCT_BUNDLE_IDENTIFIER = uwukaliowo.meowoTests;
				PRODUCT_NAME = "$(TARGET_NAME)";
				SWIFT_EMIT_LOC_STRINGS = NO;
				SWIFT_VERSION = 5.0;
				TEST_HOST = "$(BUILT_PRODUCTS_DIR)/meowo.app/$(BUNDLE_EXECUTABLE_FOLDER_PATH)/meowo";
			};
			name = Debug;
		};
		3E7015C32CD21BC200730A24 /* Release */ = {
			isa = XCBuildConfiguration;
			buildSettings = {
				BUNDLE_LOADER = "$(TEST_HOST)";
				CODE_SIGN_STYLE = Automatic;
				CURRENT_PROJECT_VERSION = 1;
				GENERATE_INFOPLIST_FILE = YES;
				MACOSX_DEPLOYMENT_TARGET = 15.0;
				MARKETING_VERSION = 1.0;
				PRODUCT_BUNDLE_IDENTIFIER = uwukaliowo.meowoTests;
				PRODUCT_NAME = "$(TARGET_NAME)";
				SWIFT_EMIT_LOC_STRINGS = NO;
				SWIFT_VERSION = 5.0;
				TEST_HOST = "$(BUILT_PRODUCTS_DIR)/meowo.app/$(BUNDLE_EXECUTABLE_FOLDER_PATH)/meowo";
			};
			name = Release;
		};
		3E7015C52CD21BC200730A24 /* Debug */ = {
			isa = XCBuildConfiguration;
			buildSettings = {
				CODE_SIGN_STYLE = Automatic;
				CURRENT_PROJECT_VERSION = 1;
				GENERATE_INFOPLIST_FILE = YES;
				MARKETING_VERSION = 1.0;
				PRODUCT_BUNDLE_IDENTIFIER = uwukaliowo.meowoUITests;
				PRODUCT_NAME = "$(TARGET_NAME)";
				SWIFT_EMIT_LOC_STRINGS = NO;
				SWIFT_VERSION = 5.0;
				TEST_TARGET_NAME = meowo;
			};
			name = Debug;
		};
		3E7015C62CD21BC200730A24 /* Release */ = {
			isa = XCBuildConfiguration;
			buildSettings = {
				CODE_SIGN_STYLE = Automatic;
				CURRENT_PROJECT_VERSION = 1;
				GENERATE_INFOPLIST_FILE = YES;
				MARKETING_VERSION = 1.0;
				PRODUCT_BUNDLE_IDENTIFIER = uwukaliowo.meowoUITests;
				PRODUCT_NAME = "$(TARGET_NAME)";
				SWIFT_EMIT_LOC_STRINGS = NO;
				SWIFT_VERSION = 5.0;
				TEST_TARGET_NAME = meowo;
			};
			name = Release;
		};
/* End XCBuildConfiguration section */

/* Begin XCConfigurationList section */
		3E7015942CD21BBE00730A24 /* Build configuration list for PBXProject "meowo" */ = {
			isa = XCConfigurationList;
			buildConfigurations = (
				3E7015BC2CD21BC200730A24 /* Debug */,
				3E7015BD2CD21BC200730A24 /* Release */,
			);
			defaultConfigurationIsVisible = 0;
			defaultConfigurationName = Release;
		};
		3E7015BE2CD21BC200730A24 /* Build configuration list for PBXNativeTarget "meowo" */ = {
			isa = XCConfigurationList;
			buildConfigurations = (
				3E7015BF2CD21BC200730A24 /* Debug */,
				3E7015C02CD21BC200730A24 /* Release */,
			);
			defaultConfigurationIsVisible = 0;
			defaultConfigurationName = Release;
		};
		3E7015C12CD21BC200730A24 /* Build configuration list for PBXNativeTarget "meowoTests" */ = {
			isa = XCConfigurationList;
			buildConfigurations = (
				3E7015C22CD21BC200730A24 /* Debug */,
				3E7015C32CD21BC200730A24 /* Release */,
			);
			defaultConfigurationIsVisible = 0;
			defaultConfigurationName = Release;
		};
		3E7015C42CD21BC200730A24 /* Build configuration list for PBXNativeTarget "meowoUITests" */ = {
			isa = XCConfigurationList;
			buildConfigurations = (
				3E7015C52CD21BC200730A24 /* Debug */,
				3E7015C62CD21BC200730A24 /* Release */,
			);
			defaultConfigurationIsVisible = 0;
			defaultConfigurationName = Release;
		};
/* End XCConfigurationList section */
	};
	rootObject = 3E7015912CD21BBE00730A24 /* Project object */;
}
